
Microsoft Visual Studio Solution File, Format Version 12.00
# Visual Studio Version 16
VisualStudioVersion = 16.0.33027.164
MinimumVisualStudioVersion = 10.0.40219.1
Project("{9A19103F-16F7-4668-BE54-9A1E7A4F7556}") = "Module_13_6_2", "Module_13_6_2.csproj", "{C5F72C14-7877-4C0B-8DB2-872165245413}"
EndProject
Global
	GlobalSection(SolutionConfigurationPlatforms) = preSolution
		Debug|Any CPU = Debug|Any CPU
		Release|Any CPU = Release|Any CPU
	EndGlobalSection
	GlobalSection(ProjectConfigurationPlatforms) = postSolution
		{C5F72C14-7877-4C0B-8DB2-872165245413}.Debug|Any CPU.ActiveCfg = Debug|Any CPU
		{C5F72C14-7877-4C0B-8DB2-872165245413}.Debug|Any CPU.Build.0 = Debug|Any CPU
		{C5F72C14-7877-4C0B-8DB2-872165245413}.Release|Any CPU.ActiveCfg = Release|Any CPU
		{C5F72C14-7877-4C0B-8DB2-872165245413}.Release|Any CPU.Build.0 = Release|Any CPU
	EndGlobalSection
	GlobalSection(SolutionProperties) = preSolution
		HideSolutionNode = FALSE
	EndGlobalSection
	GlobalSection(ExtensibilityGlobals) = postSolution
		SolutionGuid = {DF13531D-461B-48F8-824D-13068D7E0676}
	EndGlobalSection
EndGlobal
